
Microsoft Visual Studio Solution File, Format Version 12.00
# Visual Studio 2012
Project("{FAE04EC0-301F-11D3-BF4B-00C04F79EFBC}") = "SKServer", "SKServer\SKServer.csproj", "{4C227F8C-C35E-43F4-A3DE-B5161A11F43C}"
EndProject
Global
	GlobalSection(SolutionConfigurationPlatforms) = preSolution
		Debug|Any CPU = Debug|Any CPU
		Release|Any CPU = Release|Any CPU
	EndGlobalSection
	GlobalSection(ProjectConfigurationPlatforms) = postSolution
		{4C227F8C-C35E-43F4-A3DE-B5161A11F43C}.Debug|Any CPU.ActiveCfg = Debug|Any CPU
		{4C227F8C-C35E-43F4-A3DE-B5161A11F43C}.Debug|Any CPU.Build.0 = Debug|Any CPU
		{4C227F8C-C35E-43F4-A3DE-B5161A11F43C}.Release|Any CPU.ActiveCfg = Release|Any CPU
		{4C227F8C-C35E-43F4-A3DE-B5161A11F43C}.Release|Any CPU.Build.0 = Release|Any CPU
	EndGlobalSection
	GlobalSection(SolutionProperties) = preSolution
		HideSolutionNode = FALSE
	EndGlobalSection
EndGlobal
